
Microsoft Visual Studio Solution File, Format Version 12.00
# Visual Studio Version 17
VisualStudioVersion = 17.6.33829.357
MinimumVisualStudioVersion = 10.0.40219.1
Project("{2150E333-8FDC-42A3-9474-1A3956D46DE8}") = "Build", "Build", "{AB5DD529-3C2F-42E5-A5FE-0863D4BBD4CF}"
	ProjectSection(SolutionItems) = preProject
		Build\build.cake = Build\build.cake
		Build\build.ps1 = Build\build.ps1
		Build\cake.config = Build\cake.config
		Build\linux-build.cake = Build\linux-build.cake
		Build\README.md = Build\README.md
		Build\windows-build.cake = Build\windows-build.cake
	EndProjectSection
EndProject
Project("{2150E333-8FDC-42A3-9474-1A3956D46DE8}") = "Source", "Source", "{70AE69C7-7213-4193-A514-5D06526EC544}"
EndProject
Project("{2150E333-8FDC-42A3-9474-1A3956D46DE8}") = "Document", "Document", "{AC6D41C1-B22B-476B-9D22-25F45F08E122}"
	ProjectSection(SolutionItems) = preProject
		Document\iptables-diagram.png = Document\iptables-diagram.png
		Document\IpTablesWorkFlow.webp = Document\IpTablesWorkFlow.webp
		Document\README.md = Document\README.md
	EndProjectSection
EndProject
Project("{2150E333-8FDC-42A3-9474-1A3956D46DE8}") = "Test", "Test", "{12DEA530-7ABA-4B24-B629-E231AA36C365}"
	ProjectSection(SolutionItems) = preProject
		Test\README.md = Test\README.md
	EndProjectSection
EndProject
Project("{9A19103F-16F7-4668-BE54-9A1E7A4F7556}") = "BSN.IpTables.Api", "Source\BSN.IpTables.Api\BSN.IpTables.Api.csproj", "{D40AAB28-6B86-4E6E-B51A-9F1404B5AB09}"
EndProject
Project("{2150E333-8FDC-42A3-9474-1A3956D46DE8}") = "Solution Items", "Solution Items", "{99D685D1-4CB1-4BBC-89D6-2C3B28D2D552}"
	ProjectSection(SolutionItems) = preProject
		.dockerignore = .dockerignore
		.gitignore = .gitignore
		build.sh = build.sh
		Directory.Build.props = Directory.Build.props
		Dockerfile.test = Dockerfile.test
		install.sh = install.sh
		LICENSE = LICENSE
		make-docker.sh = make-docker.sh
		nuget.config = nuget.config
		README.md = README.md
		sbuild.bat = sbuild.bat
		testEnvironments.json = testEnvironments.json
	EndProjectSection
EndProject
Project("{2150E333-8FDC-42A3-9474-1A3956D46DE8}") = "UnitTests", "UnitTests", "{4264F4C7-0BF7-484F-9AB6-8E9312A50FEB}"
EndProject
Project("{9A19103F-16F7-4668-BE54-9A1E7A4F7556}") = "BSN.IpTables.Api.Tests", "Test\UnitTests\BSN.IpTables.Api.Tests\BSN.IpTables.Api.Tests.csproj", "{BCD38560-9570-40CF-8B7B-D22C20DD6EDE}"
EndProject
Project("{2150E333-8FDC-42A3-9474-1A3956D46DE8}") = ".config", ".config", "{F49C2402-DF58-402E-847D-E67F6AC66F64}"
	ProjectSection(SolutionItems) = preProject
		.config\dotnet-tools.json = .config\dotnet-tools.json
	EndProjectSection
EndProject
Project("{2150E333-8FDC-42A3-9474-1A3956D46DE8}") = ".github", ".github", "{387CFE47-D0AC-4191-9FAA-EB9203519A05}"
	ProjectSection(SolutionItems) = preProject
		.github\dependabot.yml = .github\dependabot.yml
		.github\release-drafter.yml = .github\release-drafter.yml
	EndProjectSection
EndProject
Project("{2150E333-8FDC-42A3-9474-1A3956D46DE8}") = "workflows", "workflows", "{DA92F560-B467-4744-9002-7475466C9DCD}"
	ProjectSection(SolutionItems) = preProject
		.github\workflows\main.yml = .github\workflows\main.yml
	EndProjectSection
EndProject
Project("{9A19103F-16F7-4668-BE54-9A1E7A4F7556}") = "BSN.IpTables.Domain", "Source\BSN.IpTables.Domain\BSN.IpTables.Domain.csproj", "{8CCB7CF7-596A-43AE-ACCA-9B3C5BBF09B7}"
EndProject
Project("{2150E333-8FDC-42A3-9474-1A3956D46DE8}") = "SystemTests", "SystemTests", "{8785AF2A-53EB-49CF-AE8B-BE3C626A8378}"
	ProjectSection(SolutionItems) = preProject
		Test\SystemTests\README.md = Test\SystemTests\README.md
	EndProjectSection
EndProject
Project("{9A19103F-16F7-4668-BE54-9A1E7A4F7556}") = "BSN.IpTables.Api.SystemTest", "Test\SystemTests\BSN.IpTables.Api.SystemTest\BSN.IpTables.Api.SystemTest.csproj", "{D932367A-0BA0-4C55-908F-48F45F01244C}"
EndProject
Project("{9A19103F-16F7-4668-BE54-9A1E7A4F7556}") = "BSN.IpTables.Data", "Source\BSN.IpTables.Data\BSN.IpTables.Data.csproj", "{F28BCB04-E0C9-4A6C-B751-8706C875F249}"
EndProject
Project("{9A19103F-16F7-4668-BE54-9A1E7A4F7556}") = "BSN.IpTables.Presentation.Dto", "Source\BSN.IpTables.Presentation.Dto\BSN.IpTables.Presentation.Dto.csproj", "{0A4FDC69-EBD9-40DB-918C-1EB3BCBAA827}"
EndProject
Project("{2150E333-8FDC-42A3-9474-1A3956D46DE8}") = "IntegrationTests", "IntegrationTests", "{71CC466A-3B2D-4BAD-A477-6FFCAD7B9A11}"
	ProjectSection(SolutionItems) = preProject
		Test\IntegrationTests\README.md = Test\IntegrationTests\README.md
	EndProjectSection
EndProject
Project("{9A19103F-16F7-4668-BE54-9A1E7A4F7556}") = "BSN.IpTables.Data.IntegrationTest", "Test\IntegrationTests\BSN.IpTables.Data.IntegrationTest\BSN.IpTables.Data.IntegrationTest.csproj", "{B71BFC87-862F-4B84-911F-D9DAE5BD6CA9}"
EndProject
Project("{2150E333-8FDC-42A3-9474-1A3956D46DE8}") = "BSN.IpTables.Cli", "BSN.IpTables.Cli", "{C61D2326-DF76-4213-9B69-D70FED715099}"
	ProjectSection(SolutionItems) = preProject
		Source\BSN.IpTables.Cli\configuration.yaml = Source\BSN.IpTables.Cli\configuration.yaml
		Source\BSN.IpTables.Cli\Generate-PowerShellClient.ps1 = Source\BSN.IpTables.Cli\Generate-PowerShellClient.ps1
		Source\BSN.IpTables.Cli\README.md = Source\BSN.IpTables.Cli\README.md
	EndProjectSection
EndProject
Project("{E53339B2-1760-4266-BCC7-CA923CBCF16C}") = "docker-compose", "docker-compose.dcproj", "{B20411E0-4592-467B-A6E0-11D7B72394BF}"
EndProject
Global
	GlobalSection(SolutionConfigurationPlatforms) = preSolution
		Debug|Any CPU = Debug|Any CPU
		Release|Any CPU = Release|Any CPU
	EndGlobalSection
	GlobalSection(ProjectConfigurationPlatforms) = postSolution
		{D40AAB28-6B86-4E6E-B51A-9F1404B5AB09}.Debug|Any CPU.ActiveCfg = Debug|Any CPU
		{D40AAB28-6B86-4E6E-B51A-9F1404B5AB09}.Debug|Any CPU.Build.0 = Debug|Any CPU
		{D40AAB28-6B86-4E6E-B51A-9F1404B5AB09}.Release|Any CPU.ActiveCfg = Release|Any CPU
		{D40AAB28-6B86-4E6E-B51A-9F1404B5AB09}.Release|Any CPU.Build.0 = Release|Any CPU
		{BCD38560-9570-40CF-8B7B-D22C20DD6EDE}.Debug|Any CPU.ActiveCfg = Debug|Any CPU
		{BCD38560-9570-40CF-8B7B-D22C20DD6EDE}.Debug|Any CPU.Build.0 = Debug|Any CPU
		{BCD38560-9570-40CF-8B7B-D22C20DD6EDE}.Release|Any CPU.ActiveCfg = Release|Any CPU
		{BCD38560-9570-40CF-8B7B-D22C20DD6EDE}.Release|Any CPU.Build.0 = Release|Any CPU
		{8CCB7CF7-596A-43AE-ACCA-9B3C5BBF09B7}.Debug|Any CPU.ActiveCfg = Debug|Any CPU
		{8CCB7CF7-596A-43AE-ACCA-9B3C5BBF09B7}.Debug|Any CPU.Build.0 = Debug|Any CPU
		{8CCB7CF7-596A-43AE-ACCA-9B3C5BBF09B7}.Release|Any CPU.ActiveCfg = Release|Any CPU
		{8CCB7CF7-596A-43AE-ACCA-9B3C5BBF09B7}.Release|Any CPU.Build.0 = Release|Any CPU
		{D932367A-0BA0-4C55-908F-48F45F01244C}.Debug|Any CPU.ActiveCfg = Debug|Any CPU
		{D932367A-0BA0-4C55-908F-48F45F01244C}.Debug|Any CPU.Build.0 = Debug|Any CPU
		{D932367A-0BA0-4C55-908F-48F45F01244C}.Release|Any CPU.ActiveCfg = Release|Any CPU
		{D932367A-0BA0-4C55-908F-48F45F01244C}.Release|Any CPU.Build.0 = Release|Any CPU
		{F28BCB04-E0C9-4A6C-B751-8706C875F249}.Debug|Any CPU.ActiveCfg = Debug|Any CPU
		{F28BCB04-E0C9-4A6C-B751-8706C875F249}.Debug|Any CPU.Build.0 = Debug|Any CPU
		{F28BCB04-E0C9-4A6C-B751-8706C875F249}.Release|Any CPU.ActiveCfg = Release|Any CPU
		{F28BCB04-E0C9-4A6C-B751-8706C875F249}.Release|Any CPU.Build.0 = Release|Any CPU
		{0A4FDC69-EBD9-40DB-918C-1EB3BCBAA827}.Debug|Any CPU.ActiveCfg = Debug|Any CPU
		{0A4FDC69-EBD9-40DB-918C-1EB3BCBAA827}.Debug|Any CPU.Build.0 = Debug|Any CPU
		{0A4FDC69-EBD9-40DB-918C-1EB3BCBAA827}.Release|Any CPU.ActiveCfg = Release|Any CPU
		{0A4FDC69-EBD9-40DB-918C-1EB3BCBAA827}.Release|Any CPU.Build.0 = Release|Any CPU
		{B71BFC87-862F-4B84-911F-D9DAE5BD6CA9}.Debug|Any CPU.ActiveCfg = Debug|Any CPU
		{B71BFC87-862F-4B84-911F-D9DAE5BD6CA9}.Debug|Any CPU.Build.0 = Debug|Any CPU
		{B71BFC87-862F-4B84-911F-D9DAE5BD6CA9}.Release|Any CPU.ActiveCfg = Release|Any CPU
		{B71BFC87-862F-4B84-911F-D9DAE5BD6CA9}.Release|Any CPU.Build.0 = Release|Any CPU
		{B20411E0-4592-467B-A6E0-11D7B72394BF}.Debug|Any CPU.ActiveCfg = Debug|Any CPU
		{B20411E0-4592-467B-A6E0-11D7B72394BF}.Debug|Any CPU.Build.0 = Debug|Any CPU
		{B20411E0-4592-467B-A6E0-11D7B72394BF}.Release|Any CPU.ActiveCfg = Release|Any CPU
		{B20411E0-4592-467B-A6E0-11D7B72394BF}.Release|Any CPU.Build.0 = Release|Any CPU
	EndGlobalSection
	GlobalSection(SolutionProperties) = preSolution
		HideSolutionNode = FALSE
	EndGlobalSection
	GlobalSection(NestedProjects) = preSolution
		{D40AAB28-6B86-4E6E-B51A-9F1404B5AB09} = {70AE69C7-7213-4193-A514-5D06526EC544}
		{4264F4C7-0BF7-484F-9AB6-8E9312A50FEB} = {12DEA530-7ABA-4B24-B629-E231AA36C365}
		{BCD38560-9570-40CF-8B7B-D22C20DD6EDE} = {4264F4C7-0BF7-484F-9AB6-8E9312A50FEB}
		{DA92F560-B467-4744-9002-7475466C9DCD} = {387CFE47-D0AC-4191-9FAA-EB9203519A05}
		{8CCB7CF7-596A-43AE-ACCA-9B3C5BBF09B7} = {70AE69C7-7213-4193-A514-5D06526EC544}
		{8785AF2A-53EB-49CF-AE8B-BE3C626A8378} = {12DEA530-7ABA-4B24-B629-E231AA36C365}
		{D932367A-0BA0-4C55-908F-48F45F01244C} = {8785AF2A-53EB-49CF-AE8B-BE3C626A8378}
		{F28BCB04-E0C9-4A6C-B751-8706C875F249} = {70AE69C7-7213-4193-A514-5D06526EC544}
		{0A4FDC69-EBD9-40DB-918C-1EB3BCBAA827} = {70AE69C7-7213-4193-A514-5D06526EC544}
		{71CC466A-3B2D-4BAD-A477-6FFCAD7B9A11} = {12DEA530-7ABA-4B24-B629-E231AA36C365}
		{B71BFC87-862F-4B84-911F-D9DAE5BD6CA9} = {71CC466A-3B2D-4BAD-A477-6FFCAD7B9A11}
		{C61D2326-DF76-4213-9B69-D70FED715099} = {70AE69C7-7213-4193-A514-5D06526EC544}
	EndGlobalSection
	GlobalSection(ExtensibilityGlobals) = postSolution
		SolutionGuid = {52753D02-BF5A-4DDE-BB5E-4FA5E12E0C8F}
	EndGlobalSection
EndGlobal
